# THIS IS AN AUTOGENERATED FILE. DO NOT EDIT THIS FILE DIRECTLY.
# yarn lockfile v1


doppelgangers-demo-d@2.0.0:
  version "2.0.0"
  resolved "https://registry.npmjs.org/doppelgangers-demo-d/-/doppelgangers-demo-d-2.0.0.tgz#daa7c87726e52f18904b2574726f37c8e83b5ae3"
  integrity sha512-e4tvFBPhsJvv18xUyBK2c5cyqPNbf6OMT10giaRc2uSUlfXRIwfHBCakANv5eBfJokb62paMlolVRVBV1Sn6iw==
